// !$*UTF8*$!
{
	archiveVersion = 1;
	classes = {
	};
	objectVersion = 56;
	objects = {

/* Begin PBXBuildFile section */
		5E3A37CE2BC53D3B00F5CA30 /* AppDelegate.swift in Sources */ = {isa = PBXBuildFile; fileRef = 5E3A37CD2BC53D3B00F5CA30 /* AppDelegate.swift */; };
		5E3A37D02BC53D3B00F5CA30 /* SceneDelegate.swift in Sources */ = {isa = PBXBuildFile; fileRef = 5E3A37CF2BC53D3B00F5CA30 /* SceneDelegate.swift */; };
		5E3A37D22BC53D3B00F5CA30 /* ViewController.swift in Sources */ = {isa = PBXBuildFile; fileRef = 5E3A37D12BC53D3B00F5CA30 /* ViewController.swift */; };
		5E3A37D52BC53D3B00F5CA30 /* Main.storyboard in Resources */ = {isa = PBXBuildFile; fileRef = 5E3A37D32BC53D3B00F5CA30 /* Main.storyboard */; };
		5E3A37D72BC53D3E00F5CA30 /* Assets.xcassets in Resources */ = {isa = PBXBuildFile; fileRef = 5E3A37D62BC53D3E00F5CA30 /* Assets.xcassets */; };
		5E3A37DA2BC53D3E00F5CA30 /* LaunchScreen.storyboard in Resources */ = {isa = PBXBuildFile; fileRef = 5E3A37D82BC53D3E00F5CA30 /* LaunchScreen.storyboard */; };
		5E3A37E52BC53D3E00F5CA30 /* toothscan_demoTests.swift in Sources */ = {isa = PBXBuildFile; fileRef = 5E3A37E42BC53D3E00F5CA30 /* toothscan_demoTests.swift */; };
		5E3A37EF2BC53D3E00F5CA30 /* toothscan_demoUITests.swift in Sources */ = {isa = PBXBuildFile; fileRef = 5E3A37EE2BC53D3E00F5CA30 /* toothscan_demoUITests.swift */; };
		5E3A37F12BC53D3E00F5CA30 /* toothscan_demoUITestsLaunchTests.swift in Sources */ = {isa = PBXBuildFile; fileRef = 5E3A37F02BC53D3E00F5CA30 /* toothscan_demoUITestsLaunchTests.swift */; };
/* End PBXBuildFile section */

/* Begin PBXContainerItemProxy section */
		5E3A37E12BC53D3E00F5CA30 /* PBXContainerItemProxy */ = {
			isa = PBXContainerItemProxy;
			containerPortal = 5E3A37C22BC53D3B00F5CA30 /* Project object */;
			proxyType = 1;
			remoteGlobalIDString = 5E3A37C92BC53D3B00F5CA30;
			remoteInfo = "toothscan-demo";
		};
		5E3A37EB2BC53D3E00F5CA30 /* PBXContainerItemProxy */ = {
			isa = PBXContainerItemProxy;
			containerPortal = 5E3A37C22BC53D3B00F5CA30 /* Project object */;
			proxyType = 1;
			remoteGlobalIDString = 5E3A37C92BC53D3B00F5CA30;
			remoteInfo = "toothscan-demo";
		};
/* End PBXContainerItemProxy section */

/* Begin PBXFileReference section */
		5E3A37CA2BC53D3B00F5CA30 /* toothscan-demo.app */ = {isa = PBXFileReference; explicitFileType = wrapper.application; includeInIndex = 0; path = "toothscan-demo.app"; sourceTree = BUILT_PRODUCTS_DIR; };
		5E3A37CD2BC53D3B00F5CA30 /* AppDelegate.swift */ = {isa = PBXFileReference; lastKnownFileType = sourcecode.swift; path = AppDelegate.swift; sourceTree = "<group>"; };
		5E3A37CF2BC53D3B00F5CA30 /* SceneDelegate.swift */ = {isa = PBXFileReference; lastKnownFileType = sourcecode.swift; path = SceneDelegate.swift; sourceTree = "<group>"; };
		5E3A37D12BC53D3B00F5CA30 /* ViewController.swift */ = {isa = PBXFileReference; lastKnownFileType = sourcecode.swift; path = ViewController.swift; sourceTree = "<group>"; };
		5E3A37D42BC53D3B00F5CA30 /* Base */ = {isa = PBXFileReference; lastKnownFileType = file.storyboard; name = Base; path = Base.lproj/Main.storyboard; sourceTree = "<group>"; };
		5E3A37D62BC53D3E00F5CA30 /* Assets.xcassets */ = {isa = PBXFileReference; lastKnownFileType = folder.assetcatalog; path = Assets.xcassets; sourceTree = "<group>"; };
		5E3A37D92BC53D3E00F5CA30 /* Base */ = {isa = PBXFileReference; lastKnownFileType = file.storyboard; name = Base; path = Base.lproj/LaunchScreen.storyboard; sourceTree = "<group>"; };
		5E3A37DB2BC53D3E00F5CA30 /* Info.plist */ = {isa = PBXFileReference; lastKnownFileType = text.plist.xml; path = Info.plist; sourceTree = "<group>"; };
		5E3A37E02BC53D3E00F5CA30 /* toothscan-demoTests.xctest */ = {isa = PBXFileReference; explicitFileType = wrapper.cfbundle; includeInIndex = 0; path = "toothscan-demoTests.xctest"; sourceTree = BUILT_PRODUCTS_DIR; };
		5E3A37E42BC53D3E00F5CA30 /* toothscan_demoTests.swift */ = {isa = PBXFileReference; lastKnownFileType = sourcecode.swift; path = toothscan_demoTests.swift; sourceTree = "<group>"; };
		5E3A37EA2BC53D3E00F5CA30 /* toothscan-demoUITests.xctest */ = {isa = PBXFileReference; explicitFileType = wrapper.cfbundle; includeInIndex = 0; path = "toothscan-demoUITests.xctest"; sourceTree = BUILT_PRODUCTS_DIR; };
		5E3A37EE2BC53D3E00F5CA30 /* toothscan_demoUITests.swift */ = {isa = PBXFileReference; lastKnownFileType = sourcecode.swift; path = toothscan_demoUITests.swift; sourceTree = "<group>"; };
		5E3A37F02BC53D3E00F5CA30 /* toothscan_demoUITestsLaunchTests.swift */ = {isa = PBXFileReference; lastKnownFileType = sourcecode.swift; path = toothscan_demoUITestsLaunchTests.swift; sourceTree = "<group>"; };
/* End PBXFileReference section */

/* Begin PBXFrameworksBuildPhase section */
		5E3A37C72BC53D3B00F5CA30 /* Frameworks */ = {
			isa = PBXFrameworksBuildPhase;
			buildActionMask = 2147483647;
			files = (
			);
			runOnlyForDeploymentPostprocessing = 0;
		};
		5E3A37DD2BC53D3E00F5CA30 /* Frameworks */ = {
			isa = PBXFrameworksBuildPhase;
			buildActionMask = 2147483647;
			files = (
			);
			runOnlyForDeploymentPostprocessing = 0;
		};
		5E3A37E72BC53D3E00F5CA30 /* Frameworks */ = {
			isa = PBXFrameworksBuildPhase;
			buildActionMask = 2147483647;
			files = (
			);
			runOnlyForDeploymentPostprocessing = 0;
		};
/* End PBXFrameworksBuildPhase section */

/* Begin PBXGroup section */
		5E3A37C12BC53D3B00F5CA30 = {
			isa = PBXGroup;
			children = (
				5E3A37CC2BC53D3B00F5CA30 /* toothscan-demo */,
				5E3A37E32BC53D3E00F5CA30 /* toothscan-demoTests */,
				5E3A37ED2BC53D3E00F5CA30 /* toothscan-demoUITests */,
				5E3A37CB2BC53D3B00F5CA30 /* Products */,
			);
			sourceTree = "<group>";
		};
		5E3A37CB2BC53D3B00F5CA30 /* Products */ = {
			isa = PBXGroup;
			children = (
				5E3A37CA2BC53D3B00F5CA30 /* toothscan-demo.app */,
				5E3A37E02BC53D3E00F5CA30 /* toothscan-demoTests.xctest */,
				5E3A37EA2BC53D3E00F5CA30 /* toothscan-demoUITests.xctest */,
			);
			name = Products;
			sourceTree = "<group>";
		};
		5E3A37CC2BC53D3B00F5CA30 /* toothscan-demo */ = {
			isa = PBXGroup;
			children = (
				5E3A37CD2BC53D3B00F5CA30 /* AppDelegate.swift */,
				5E3A37CF2BC53D3B00F5CA30 /* SceneDelegate.swift */,
				5E3A37D12BC53D3B00F5CA30 /* ViewController.swift */,
				5E3A37D32BC53D3B00F5CA30 /* Main.storyboard */,
				5E3A37D62BC53D3E00F5CA30 /* Assets.xcassets */,
				5E3A37D82BC53D3E00F5CA30 /* LaunchScreen.storyboard */,
				5E3A37DB2BC53D3E00F5CA30 /* Info.plist */,
			);
			path = "toothscan-demo";
			sourceTree = "<group>";
		};
		5E3A37E32BC53D3E00F5CA30 /* toothscan-demoTests */ = {
			isa = PBXGroup;
			children = (
				5E3A37E42BC53D3E00F5CA30 /* toothscan_demoTests.swift */,
			);
			path = "toothscan-demoTests";
			sourceTree = "<group>";
		};
		5E3A37ED2BC53D3E00F5CA30 /* toothscan-demoUITests */ = {
			isa = PBXGroup;
			children = (
				5E3A37EE2BC53D3E00F5CA30 /* toothscan_demoUITests.swift */,
				5E3A37F02BC53D3E00F5CA30 /* toothscan_demoUITestsLaunchTests.swift */,
			);
			path = "toothscan-demoUITests";
			sourceTree = "<group>";
		};
/* End PBXGroup section */

/* Begin PBXNativeTarget section */
		5E3A37C92BC53D3B00F5CA30 /* toothscan-demo */ = {
			isa = PBXNativeTarget;
			buildConfigurationList = 5E3A37F42BC53D3E00F5CA30 /* Build configuration list for PBXNativeTarget "toothscan-demo" */;
			buildPhases = (
				5E3A37C62BC53D3B00F5CA30 /* Sources */,
				5E3A37C72BC53D3B00F5CA30 /* Frameworks */,
				5E3A37C82BC53D3B00F5CA30 /* Resources */,
			);
			buildRules = (
			);
			dependencies = (
			);
			name = "toothscan-demo";
			productName = "toothscan-demo";
			productReference = 5E3A37CA2BC53D3B00F5CA30 /* toothscan-demo.app */;
			productType = "com.apple.product-type.application";
		};
		5E3A37DF2BC53D3E00F5CA30 /* toothscan-demoTests */ = {
			isa = PBXNativeTarget;
			buildConfigurationList = 5E3A37F72BC53D3E00F5CA30 /* Build configuration list for PBXNativeTarget "toothscan-demoTests" */;
			buildPhases = (
				5E3A37DC2BC53D3E00F5CA30 /* Sources */,
				5E3A37DD2BC53D3E00F5CA30 /* Frameworks */,
				5E3A37DE2BC53D3E00F5CA30 /* Resources */,
			);
			buildRules = (
			);
			dependencies = (
				5E3A37E22BC53D3E00F5CA30 /* PBXTargetDependency */,
			);
			name = "toothscan-demoTests";
			productName = "toothscan-demoTests";
			productReference = 5E3A37E02BC53D3E00F5CA30 /* toothscan-demoTests.xctest */;
			productType = "com.apple.product-type.bundle.unit-test";
		};
		5E3A37E92BC53D3E00F5CA30 /* toothscan-demoUITests */ = {
			isa = PBXNativeTarget;
			buildConfigurationList = 5E3A37FA2BC53D3E00F5CA30 /* Build configuration list for PBXNativeTarget "toothscan-demoUITests" */;
			buildPhases = (
				5E3A37E62BC53D3E00F5CA30 /* Sources */,
				5E3A37E72BC53D3E00F5CA30 /* Frameworks */,
				5E3A37E82BC53D3E00F5CA30 /* Resources */,
			);
			buildRules = (
			);
			dependencies = (
				5E3A37EC2BC53D3E00F5CA30 /* PBXTargetDependency */,
			);
			name = "toothscan-demoUITests";
			productName = "toothscan-demoUITests";
			productReference = 5E3A37EA2BC53D3E00F5CA30 /* toothscan-demoUITests.xctest */;
			productType = "com.apple.product-type.bundle.ui-testing";
		};
/* End PBXNativeTarget section */

/* Begin PBXProject section */
		5E3A37C22BC53D3B00F5CA30 /* Project object */ = {
			isa = PBXProject;
			attributes = {
				BuildIndependentTargetsInParallel = 1;
				LastSwiftUpdateCheck = 1520;
				LastUpgradeCheck = 1520;
				TargetAttributes = {
					5E3A37C92BC53D3B00F5CA30 = {
						CreatedOnToolsVersion = 15.2;
					};
					5E3A37DF2BC53D3E00F5CA30 = {
						CreatedOnToolsVersion = 15.2;
						TestTargetID = 5E3A37C92BC53D3B00F5CA30;
					};
					5E3A37E92BC53D3E00F5CA30 = {
						CreatedOnToolsVersion = 15.2;
						TestTargetID = 5E3A37C92BC53D3B00F5CA30;
					};
				};
			};
			buildConfigurationList = 5E3A37C52BC53D3B00F5CA30 /* Build configuration list for PBXProject "toothscan-demo" */;
			compatibilityVersion = "Xcode 14.0";
			developmentRegion = en;
			hasScannedForEncodings = 0;
			knownRegions = (
				en,
				Base,
			);
			mainGroup = 5E3A37C12BC53D3B00F5CA30;
			productRefGroup = 5E3A37CB2BC53D3B00F5CA30 /* Products */;
			projectDirPath = "";
			projectRoot = "";
			targets = (
				5E3A37C92BC53D3B00F5CA30 /* toothscan-demo */,
				5E3A37DF2BC53D3E00F5CA30 /* toothscan-demoTests */,
				5E3A37E92BC53D3E00F5CA30 /* toothscan-demoUITests */,
			);
		};
/* End PBXProject section */

/* Begin PBXResourcesBuildPhase section */
		5E3A37C82BC53D3B00F5CA30 /* Resources */ = {
			isa = PBXResourcesBuildPhase;
			buildActionMask = 2147483647;
			files = (
				5E3A37DA2BC53D3E00F5CA30 /* LaunchScreen.storyboard in Resources */,
				5E3A37D72BC53D3E00F5CA30 /* Assets.xcassets in Resources */,
				5E3A37D52BC53D3B00F5CA30 /* Main.storyboard in Resources */,
			);
			runOnlyForDeploymentPostprocessing = 0;
		};
		5E3A37DE2BC53D3E00F5CA30 /* Resources */ = {
			isa = PBXResourcesBuildPhase;
			buildActionMask = 2147483647;
			files = (
			);
			runOnlyForDeploymentPostprocessing = 0;
		};
		5E3A37E82BC53D3E00F5CA30 /* Resources */ = {
			isa = PBXResourcesBuildPhase;
			buildActionMask = 2147483647;
			files = (
			);
			runOnlyForDeploymentPostprocessing = 0;
		};
/* End PBXResourcesBuildPhase section */

/* Begin PBXSourcesBuildPhase section */
		5E3A37C62BC53D3B00F5CA30 /* Sources */ = {
			isa = PBXSourcesBuildPhase;
			buildActionMask = 2147483647;
			files = (
				5E3A37D22BC53D3B00F5CA30 /* ViewController.swift in Sources */,
				5E3A37CE2BC53D3B00F5CA30 /* AppDelegate.swift in Sources */,
				5E3A37D02BC53D3B00F5CA30 /* SceneDelegate.swift in Sources */,
			);
			runOnlyForDeploymentPostprocessing = 0;
		};
		5E3A37DC2BC53D3E00F5CA30 /* Sources */ = {
			isa = PBXSourcesBuildPhase;
			buildActionMask = 2147483647;
			files = (
				5E3A37E52BC53D3E00F5CA30 /* toothscan_demoTests.swift in Sources */,
			);
			runOnlyForDeploymentPostprocessing = 0;
		};
		5E3A37E62BC53D3E00F5CA30 /* Sources */ = {
			isa = PBXSourcesBuildPhase;
			buildActionMask = 2147483647;
			files = (
				5E3A37EF2BC53D3E00F5CA30 /* toothscan_demoUITests.swift in Sources */,
				5E3A37F12BC53D3E00F5CA30 /* toothscan_demoUITestsLaunchTests.swift in Sources */,
			);
			runOnlyForDeploymentPostprocessing = 0;
		};
/* End PBXSourcesBuildPhase section */

/* Begin PBXTargetDependency section */
		5E3A37E22BC53D3E00F5CA30 /* PBXTargetDependency */ = {
			isa = PBXTargetDependency;
			target = 5E3A37C92BC53D3B00F5CA30 /* toothscan-demo */;
			targetProxy = 5E3A37E12BC53D3E00F5CA30 /* PBXContainerItemProxy */;
		};
		5E3A37EC2BC53D3E00F5CA30 /* PBXTargetDependency */ = {
			isa = PBXTargetDependency;
			target = 5E3A37C92BC53D3B00F5CA30 /* toothscan-demo */;
			targetProxy = 5E3A37EB2BC53D3E00F5CA30 /* PBXContainerItemProxy */;
		};
/* End PBXTargetDependency section */

/* Begin PBXVariantGroup section */
		5E3A37D32BC53D3B00F5CA30 /* Main.storyboard */ = {
			isa = PBXVariantGroup;
			children = (
				5E3A37D42BC53D3B00F5CA30 /* Base */,
			);
			name = Main.storyboard;
			sourceTree = "<group>";
		};
		5E3A37D82BC53D3E00F5CA30 /* LaunchScreen.storyboard */ = {
			isa = PBXVariantGroup;
			children = (
				5E3A37D92BC53D3E00F5CA30 /* Base */,
			);
			name = LaunchScreen.storyboard;
			sourceTree = "<group>";
		};
/* End PBXVariantGroup section */

/* Begin XCBuildConfiguration section */
		5E3A37F22BC53D3E00F5CA30 /* Debug */ = {
			isa = XCBuildConfiguration;
			buildSettings = {
				ALWAYS_SEARCH_USER_PATHS = NO;
				ASSETCATALOG_COMPILER_GENERATE_SWIFT_ASSET_SYMBOL_EXTENSIONS = YES;
				CLANG_ANALYZER_NONNULL = YES;
				CLANG_ANALYZER_NUMBER_OBJECT_CONVERSION = YES_AGGRESSIVE;
				CLANG_CXX_LANGUAGE_STANDARD = "gnu++20";
				CLANG_ENABLE_MODULES = YES;
				CLANG_ENABLE_OBJC_ARC = YES;
				CLANG_ENABLE_OBJC_WEAK = YES;
				CLANG_WARN_BLOCK_CAPTURE_AUTORELEASING = YES;
				CLANG_WARN_BOOL_CONVERSION = YES;
				CLANG_WARN_COMMA = YES;
				CLANG_WARN_CONSTANT_CONVERSION = YES;
				CLANG_WARN_DEPRECATED_OBJC_IMPLEMENTATIONS = YES;
				CLANG_WARN_DIRECT_OBJC_ISA_USAGE = YES_ERROR;
				CLANG_WARN_DOCUMENTATION_COMMENTS = YES;
				CLANG_WARN_EMPTY_BODY = YES;
				CLANG_WARN_ENUM_CONVERSION = YES;
				CLANG_WARN_INFINITE_RECURSION = YES;
				CLANG_WARN_INT_CONVERSION = YES;
				CLANG_WARN_NON_LITERAL_NULL_CONVERSION = YES;
				CLANG_WARN_OBJC_IMPLICIT_RETAIN_SELF = YES;
				CLANG_WARN_OBJC_LITERAL_CONVERSION = YES;
				CLANG_WARN_OBJC_ROOT_CLASS = YES_ERROR;
				CLANG_WARN_QUOTED_INCLUDE_IN_FRAMEWORK_HEADER = YES;
				CLANG_WARN_RANGE_LOOP_ANALYSIS = YES;
				CLANG_WARN_STRICT_PROTOTYPES = YES;
				CLANG_WARN_SUSPICIOUS_MOVE = YES;
				CLANG_WARN_UNGUARDED_AVAILABILITY = YES_AGGRESSIVE;
				CLANG_WARN_UNREACHABLE_CODE = YES;
				CLANG_WARN__DUPLICATE_METHOD_MATCH = YES;
				COPY_PHASE_STRIP = NO;
				DEBUG_INFORMATION_FORMAT = dwarf;
				ENABLE_STRICT_OBJC_MSGSEND = YES;
				ENABLE_TESTABILITY = YES;
				ENABLE_USER_SCRIPT_SANDBOXING = YES;
				GCC_C_LANGUAGE_STANDARD = gnu17;
				GCC_DYNAMIC_NO_PIC = NO;
				GCC_NO_COMMON_BLOCKS = YES;
				GCC_OPTIMIZATION_LEVEL = 0;
				GCC_PREPROCESSOR_DEFINITIONS = (
					"DEBUG=1",
					"$(inherited)",
				);
				GCC_WARN_64_TO_32_BIT_CONVERSION = YES;
				GCC_WARN_ABOUT_RETURN_TYPE = YES_ERROR;
				GCC_WARN_UNDECLARED_SELECTOR = YES;
				GCC_WARN_UNINITIALIZED_AUTOS = YES_AGGRESSIVE;
				GCC_WARN_UNUSED_FUNCTION = YES;
				GCC_WARN_UNUSED_VARIABLE = YES;
				IPHONEOS_DEPLOYMENT_TARGET = 17.2;
				LOCALIZATION_PREFERS_STRING_CATALOGS = YES;
				MTL_ENABLE_DEBUG_INFO = INCLUDE_SOURCE;
				MTL_FAST_MATH = YES;
				ONLY_ACTIVE_ARCH = YES;
				SDKROOT = iphoneos;
				SWIFT_ACTIVE_COMPILATION_CONDITIONS = "DEBUG $(inherited)";
				SWIFT_OPTIMIZATION_LEVEL = "-Onone";
			};
			name = Debug;
		};
		5E3A37F32BC53D3E00F5CA30 /* Release */ = {
			isa = XCBuildConfiguration;
			buildSettings = {
				ALWAYS_SEARCH_USER_PATHS = NO;
				ASSETCATALOG_COMPILER_GENERATE_SWIFT_ASSET_SYMBOL_EXTENSIONS = YES;
				CLANG_ANALYZER_NONNULL = YES;
				CLANG_ANALYZER_NUMBER_OBJECT_CONVERSION = YES_AGGRESSIVE;
				CLANG_CXX_LANGUAGE_STANDARD = "gnu++20";
				CLANG_ENABLE_MODULES = YES;
				CLANG_ENABLE_OBJC_ARC = YES;
				CLANG_ENABLE_OBJC_WEAK = YES;
				CLANG_WARN_BLOCK_CAPTURE_AUTORELEASING = YES;
				CLANG_WARN_BOOL_CONVERSION = YES;
				CLANG_WARN_COMMA = YES;
				CLANG_WARN_CONSTANT_CONVERSION = YES;
				CLANG_WARN_DEPRECATED_OBJC_IMPLEMENTATIONS = YES;
				CLANG_WARN_DIRECT_OBJC_ISA_USAGE = YES_ERROR;
				CLANG_WARN_DOCUMENTATION_COMMENTS = YES;
				CLANG_WARN_EMPTY_BODY = YES;
				CLANG_WARN_ENUM_CONVERSION = YES;
				CLANG_WARN_INFINITE_RECURSION = YES;
				CLANG_WARN_INT_CONVERSION = YES;
				CLANG_WARN_NON_LITERAL_NULL_CONVERSION = YES;
				CLANG_WARN_OBJC_IMPLICIT_RETAIN_SELF = YES;
				CLANG_WARN_OBJC_LITERAL_CONVERSION = YES;
				CLANG_WARN_OBJC_ROOT_CLASS = YES_ERROR;
				CLANG_WARN_QUOTED_INCLUDE_IN_FRAMEWORK_HEADER = YES;
				CLANG_WARN_RANGE_LOOP_ANALYSIS = YES;
				CLANG_WARN_STRICT_PROTOTYPES = YES;
				CLANG_WARN_SUSPICIOUS_MOVE = YES;
				CLANG_WARN_UNGUARDED_AVAILABILITY = YES_AGGRESSIVE;
				CLANG_WARN_UNREACHABLE_CODE = YES;
				CLANG_WARN__DUPLICATE_METHOD_MATCH = YES;
				COPY_PHASE_STRIP = NO;
				DEBUG_INFORMATION_FORMAT = "dwarf-with-dsym";
				ENABLE_NS_ASSERTIONS = NO;
				ENABLE_STRICT_OBJC_MSGSEND = YES;
				ENABLE_USER_SCRIPT_SANDBOXING = YES;
				GCC_C_LANGUAGE_STANDARD = gnu17;
				GCC_NO_COMMON_BLOCKS = YES;
				GCC_WARN_64_TO_32_BIT_CONVERSION = YES;
				GCC_WARN_ABOUT_RETURN_TYPE = YES_ERROR;
				GCC_WARN_UNDECLARED_SELECTOR = YES;
				GCC_WARN_UNINITIALIZED_AUTOS = YES_AGGRESSIVE;
				GCC_WARN_UNUSED_FUNCTION = YES;
				GCC_WARN_UNUSED_VARIABLE = YES;
				IPHONEOS_DEPLOYMENT_TARGET = 17.2;
				LOCALIZATION_PREFERS_STRING_CATALOGS = YES;
				MTL_ENABLE_DEBUG_INFO = NO;
				MTL_FAST_MATH = YES;
				SDKROOT = iphoneos;
				SWIFT_COMPILATION_MODE = wholemodule;
				VALIDATE_PRODUCT = YES;
			};
			name = Release;
		};
		5E3A37F52BC53D3E00F5CA30 /* Debug */ = {
			isa = XCBuildConfiguration;
			buildSettings = {
				ASSETCATALOG_COMPILER_APPICON_NAME = AppIcon;
				ASSETCATALOG_COMPILER_GLOBAL_ACCENT_COLOR_NAME = AccentColor;
				CODE_SIGN_STYLE = Automatic;
				CURRENT_PROJECT_VERSION = 1;
				DEVELOPMENT_TEAM = 5993VHQK8B;
				GENERATE_INFOPLIST_FILE = YES;
				INFOPLIST_FILE = "toothscan-demo/Info.plist";
				INFOPLIST_KEY_UIApplicationSupportsIndirectInputEvents = YES;
				INFOPLIST_KEY_UILaunchStoryboardName = LaunchScreen;
				INFOPLIST_KEY_UIMainStoryboardFile = Main;
				INFOPLIST_KEY_UISupportedInterfaceOrientations_iPad = "UIInterfaceOrientationPortrait UIInterfaceOrientationPortraitUpsideDown UIInterfaceOrientationLandscapeLeft UIInterfaceOrientationLandscapeRight";
				INFOPLIST_KEY_UISupportedInterfaceOrientations_iPhone = "UIInterfaceOrientationPortrait UIInterfaceOrientationLandscapeLeft UIInterfaceOrientationLandscapeRight";
				LD_RUNPATH_SEARCH_PATHS = (
					"$(inherited)",
					"@executable_path/Frameworks",
				);
				MARKETING_VERSION = 1.0;
				PRODUCT_BUNDLE_IDENTIFIER = "com.marstoothsdk.toothscan-demo";
				PRODUCT_NAME = "$(TARGET_NAME)";
				SWIFT_EMIT_LOC_STRINGS = YES;
				SWIFT_VERSION = 5.0;
				TARGETED_DEVICE_FAMILY = "1,2";
			};
			name = Debug;
		};
		5E3A37F62BC53D3E00F5CA30 /* Release */ = {
			isa = XCBuildConfiguration;
			buildSettings = {
				ASSETCATALOG_COMPILER_APPICON_NAME = AppIcon;
				ASSETCATALOG_COMPILER_GLOBAL_ACCENT_COLOR_NAME = AccentColor;
				CODE_SIGN_STYLE = Automatic;
				CURRENT_PROJECT_VERSION = 1;
				DEVELOPMENT_TEAM = 5993VHQK8B;
				GENERATE_INFOPLIST_FILE = YES;
				INFOPLIST_FILE = "toothscan-demo/Info.plist";
				INFOPLIST_KEY_UIApplicationSupportsIndirectInputEvents = YES;
				INFOPLIST_KEY_UILaunchStoryboardName = LaunchScreen;
				INFOPLIST_KEY_UIMainStoryboardFile = Main;
				INFOPLIST_KEY_UISupportedInterfaceOrientations_iPad = "UIInterfaceOrientationPortrait UIInterfaceOrientationPortraitUpsideDown UIInterfaceOrientationLandscapeLeft UIInterfaceOrientationLandscapeRight";
				INFOPLIST_KEY_UISupportedInterfaceOrientations_iPhone = "UIInterfaceOrientationPortrait UIInterfaceOrientationLandscapeLeft UIInterfaceOrientationLandscapeRight";
				LD_RUNPATH_SEARCH_PATHS = (
					"$(inherited)",
					"@executable_path/Frameworks",
				);
				MARKETING_VERSION = 1.0;
				PRODUCT_BUNDLE_IDENTIFIER = "com.marstoothsdk.toothscan-demo";
				PRODUCT_NAME = "$(TARGET_NAME)";
				SWIFT_EMIT_LOC_STRINGS = YES;
				SWIFT_VERSION = 5.0;
				TARGETED_DEVICE_FAMILY = "1,2";
			};
			name = Release;
		};
		5E3A37F82BC53D3E00F5CA30 /* Debug */ = {
			isa = XCBuildConfiguration;
			buildSettings = {
				ALWAYS_EMBED_SWIFT_STANDARD_LIBRARIES = YES;
				BUNDLE_LOADER = "$(TEST_HOST)";
				CODE_SIGN_STYLE = Automatic;
				CURRENT_PROJECT_VERSION = 1;
				DEVELOPMENT_TEAM = 5993VHQK8B;
				GENERATE_INFOPLIST_FILE = YES;
				IPHONEOS_DEPLOYMENT_TARGET = 17.2;
				MARKETING_VERSION = 1.0;
				PRODUCT_BUNDLE_IDENTIFIER = "com.marstoothsdk.toothscan-demoTests";
				PRODUCT_NAME = "$(TARGET_NAME)";
				SWIFT_EMIT_LOC_STRINGS = NO;
				SWIFT_VERSION = 5.0;
				TARGETED_DEVICE_FAMILY = "1,2";
				TEST_HOST = "$(BUILT_PRODUCTS_DIR)/toothscan-demo.app/$(BUNDLE_EXECUTABLE_FOLDER_PATH)/toothscan-demo";
			};
			name = Debug;
		};
		5E3A37F92BC53D3E00F5CA30 /* Release */ = {
			isa = XCBuildConfiguration;
			buildSettings = {
				ALWAYS_EMBED_SWIFT_STANDARD_LIBRARIES = YES;
				BUNDLE_LOADER = "$(TEST_HOST)";
				CODE_SIGN_STYLE = Automatic;
				CURRENT_PROJECT_VERSION = 1;
				DEVELOPMENT_TEAM = 5993VHQK8B;
				GENERATE_INFOPLIST_FILE = YES;
				IPHONEOS_DEPLOYMENT_TARGET = 17.2;
				MARKETING_VERSION = 1.0;
				PRODUCT_BUNDLE_IDENTIFIER = "com.marstoothsdk.toothscan-demoTests";
				PRODUCT_NAME = "$(TARGET_NAME)";
				SWIFT_EMIT_LOC_STRINGS = NO;
				SWIFT_VERSION = 5.0;
				TARGETED_DEVICE_FAMILY = "1,2";
				TEST_HOST = "$(BUILT_PRODUCTS_DIR)/toothscan-demo.app/$(BUNDLE_EXECUTABLE_FOLDER_PATH)/toothscan-demo";
			};
			name = Release;
		};
		5E3A37FB2BC53D3E00F5CA30 /* Debug */ = {
			isa = XCBuildConfiguration;
			buildSettings = {
				ALWAYS_EMBED_SWIFT_STANDARD_LIBRARIES = YES;
				CODE_SIGN_STYLE = Automatic;
				CURRENT_PROJECT_VERSION = 1;
				DEVELOPMENT_TEAM = 5993VHQK8B;
				GENERATE_INFOPLIST_FILE = YES;
				MARKETING_VERSION = 1.0;
				PRODUCT_BUNDLE_IDENTIFIER = "com.marstoothsdk.toothscan-demoUITests";
				PRODUCT_NAME = "$(TARGET_NAME)";
				SWIFT_EMIT_LOC_STRINGS = NO;
				SWIFT_VERSION = 5.0;
				TARGETED_DEVICE_FAMILY = "1,2";
				TEST_TARGET_NAME = "toothscan-demo";
			};
			name = Debug;
		};
		5E3A37FC2BC53D3E00F5CA30 /* Release */ = {
			isa = XCBuildConfiguration;
			buildSettings = {
				ALWAYS_EMBED_SWIFT_STANDARD_LIBRARIES = YES;
				CODE_SIGN_STYLE = Automatic;
				CURRENT_PROJECT_VERSION = 1;
				DEVELOPMENT_TEAM = 5993VHQK8B;
				GENERATE_INFOPLIST_FILE = YES;
				MARKETING_VERSION = 1.0;
				PRODUCT_BUNDLE_IDENTIFIER = "com.marstoothsdk.toothscan-demoUITests";
				PRODUCT_NAME = "$(TARGET_NAME)";
				SWIFT_EMIT_LOC_STRINGS = NO;
				SWIFT_VERSION = 5.0;
				TARGETED_DEVICE_FAMILY = "1,2";
				TEST_TARGET_NAME = "toothscan-demo";
			};
			name = Release;
		};
/* End XCBuildConfiguration section */

/* Begin XCConfigurationList section */
		5E3A37C52BC53D3B00F5CA30 /* Build configuration list for PBXProject "toothscan-demo" */ = {
			isa = XCConfigurationList;
			buildConfigurations = (
				5E3A37F22BC53D3E00F5CA30 /* Debug */,
				5E3A37F32BC53D3E00F5CA30 /* Release */,
			);
			defaultConfigurationIsVisible = 0;
			defaultConfigurationName = Release;
		};
		5E3A37F42BC53D3E00F5CA30 /* Build configuration list for PBXNativeTarget "toothscan-demo" */ = {
			isa = XCConfigurationList;
			buildConfigurations = (
				5E3A37F52BC53D3E00F5CA30 /* Debug */,
				5E3A37F62BC53D3E00F5CA30 /* Release */,
			);
			defaultConfigurationIsVisible = 0;
			defaultConfigurationName = Release;
		};
		5E3A37F72BC53D3E00F5CA30 /* Build configuration list for PBXNativeTarget "toothscan-demoTests" */ = {
			isa = XCConfigurationList;
			buildConfigurations = (
				5E3A37F82BC53D3E00F5CA30 /* Debug */,
				5E3A37F92BC53D3E00F5CA30 /* Release */,
			);
			defaultConfigurationIsVisible = 0;
			defaultConfigurationName = Release;
		};
		5E3A37FA2BC53D3E00F5CA30 /* Build configuration list for PBXNativeTarget "toothscan-demoUITests" */ = {
			isa = XCConfigurationList;
			buildConfigurations = (
				5E3A37FB2BC53D3E00F5CA30 /* Debug */,
				5E3A37FC2BC53D3E00F5CA30 /* Release */,
			);
			defaultConfigurationIsVisible = 0;
			defaultConfigurationName = Release;
		};
/* End XCConfigurationList section */
	};
	rootObject = 5E3A37C22BC53D3B00F5CA30 /* Project object */;
}
